
Microsoft Visual Studio Solution File, Format Version 12.00
# Visual Studio Version 16
VisualStudioVersion = 16.0.30523.141
MinimumVisualStudioVersion = 10.0.40219.1
Project("{FAE04EC0-301F-11D3-BF4B-00C04F79EFBC}") = "App.Android", "App.Android\App.Android.csproj", "{CC8C0F96-DCE3-44C4-B499-C399E3E2F229}"
EndProject
Project("{FAE04EC0-301F-11D3-BF4B-00C04F79EFBC}") = "App", "App\App.csproj", "{2AE8475A-6E38-4610-A81F-2DB99075628A}"
EndProject
Global
	GlobalSection(SolutionConfigurationPlatforms) = preSolution
		Debug|Any CPU = Debug|Any CPU
		Release|Any CPU = Release|Any CPU
	EndGlobalSection
	GlobalSection(ProjectConfigurationPlatforms) = postSolution
		{CC8C0F96-DCE3-44C4-B499-C399E3E2F229}.Debug|Any CPU.ActiveCfg = Debug|Any CPU
		{CC8C0F96-DCE3-44C4-B499-C399E3E2F229}.Debug|Any CPU.Build.0 = Debug|Any CPU
		{CC8C0F96-DCE3-44C4-B499-C399E3E2F229}.Debug|Any CPU.Deploy.0 = Debug|Any CPU
		{CC8C0F96-DCE3-44C4-B499-C399E3E2F229}.Release|Any CPU.ActiveCfg = Release|Any CPU
		{CC8C0F96-DCE3-44C4-B499-C399E3E2F229}.Release|Any CPU.Build.0 = Release|Any CPU
		{CC8C0F96-DCE3-44C4-B499-C399E3E2F229}.Release|Any CPU.Deploy.0 = Release|Any CPU
		{2AE8475A-6E38-4610-A81F-2DB99075628A}.Debug|Any CPU.ActiveCfg = Debug|Any CPU
		{2AE8475A-6E38-4610-A81F-2DB99075628A}.Debug|Any CPU.Build.0 = Debug|Any CPU
		{2AE8475A-6E38-4610-A81F-2DB99075628A}.Debug|Any CPU.Deploy.0 = Debug|Any CPU
		{2AE8475A-6E38-4610-A81F-2DB99075628A}.Release|Any CPU.ActiveCfg = Release|Any CPU
		{2AE8475A-6E38-4610-A81F-2DB99075628A}.Release|Any CPU.Build.0 = Release|Any CPU
		{2AE8475A-6E38-4610-A81F-2DB99075628A}.Release|Any CPU.Deploy.0 = Release|Any CPU
	EndGlobalSection
	GlobalSection(SolutionProperties) = preSolution
		HideSolutionNode = FALSE
	EndGlobalSection
	GlobalSection(ExtensibilityGlobals) = postSolution
		SolutionGuid = {465E2C1D-B290-4737-AA6C-30C2C21A096F}
	EndGlobalSection
EndGlobal
